
Microsoft Visual Studio Solution File, Format Version 12.00
# Visual Studio Version 18
VisualStudioVersion = 18.0.11205.157
MinimumVisualStudioVersion = 10.0.40219.1
Project("{2150E333-8FDC-42A3-9474-1A3956D46DE8}") = "src", "src", "{02EA681E-C7D8-13C7-8484-4AC65E1B71E8}"
EndProject
Project("{2150E333-8FDC-42A3-9474-1A3956D46DE8}") = "test", "test", "{66512B6E-3065-4416-98BE-6AAE38603639}"
EndProject
Project("{2150E333-8FDC-42A3-9474-1A3956D46DE8}") = "modules", "modules", "{C3000B64-B444-46C9-AF54-0E13A328776C}"
EndProject
Project("{FAE04EC0-301F-11D3-BF4B-00C04F79EFBC}") = "Infrastructure", "src\Common\Infrastructure.csproj", "{85B84B44-99DE-4ABB-864A-D3C61121C7B1}"
EndProject
Project("{FAE04EC0-301F-11D3-BF4B-00C04F79EFBC}") = "Test.Common", "test\Test.Common\Test.Common.csproj", "{89B6D479-2EC2-40DF-8BE1-177B4AF9838D}"
EndProject
Project("{FAE04EC0-301F-11D3-BF4B-00C04F79EFBC}") = "Test.Integration", "test\Test.Integration\Test.Integration.csproj", "{D79942A7-6B5F-41B8-AA43-70DADBF1FC60}"
EndProject
Project("{2150E333-8FDC-42A3-9474-1A3956D46DE8}") = "Solution Items", "Solution Items", "{8EC462FD-D22E-90A8-E5CE-7E832BA40C5D}"
EndProject
Project("{E53339B2-1760-4266-BCC7-CA923CBCF16C}") = "docker-compose", "docker-compose.dcproj", "{81DDED9D-158B-E303-5F62-77A2896D2A5A}"
EndProject
Project("{FAE04EC0-301F-11D3-BF4B-00C04F79EFBC}") = "Api", "src\Api\Api.csproj", "{CBAFC0F9-5B69-AE5B-776E-B650E010DF04}"
EndProject
Project("{FAE04EC0-301F-11D3-BF4B-00C04F79EFBC}") = "IAMModule", "src\modules\IAMModule\IAMModule.csproj", "{CABE541C-87E2-360E-50F3-49F4C18FF460}"
EndProject
Project("{FAE04EC0-301F-11D3-BF4B-00C04F79EFBC}") = "IAMModule.Contract", "src\modules\IAMModule.Contract\IAMModule.Contract.csproj", "{81F50366-3857-BE0C-95C2-1389F5F94218}"
EndProject
Project("{FAE04EC0-301F-11D3-BF4B-00C04F79EFBC}") = "NotificationModule", "src\modules\NotificationModule\NotificationModule.csproj", "{142A8382-4B27-B7FE-2364-87441E010FC0}"
EndProject
Project("{FAE04EC0-301F-11D3-BF4B-00C04F79EFBC}") = "NotificationModule.Contract", "src\modules\NotificationModule.Contract\NotificationModule.Contract.csproj", "{2F0F1A05-4E27-8EC6-DBE9-4C4B3055EDFC}"
EndProject
Global
	GlobalSection(SolutionConfigurationPlatforms) = preSolution
		Debug|Any CPU = Debug|Any CPU
		Release|Any CPU = Release|Any CPU
	EndGlobalSection
	GlobalSection(ProjectConfigurationPlatforms) = postSolution
		{85B84B44-99DE-4ABB-864A-D3C61121C7B1}.Debug|Any CPU.ActiveCfg = Debug|Any CPU
		{85B84B44-99DE-4ABB-864A-D3C61121C7B1}.Debug|Any CPU.Build.0 = Debug|Any CPU
		{85B84B44-99DE-4ABB-864A-D3C61121C7B1}.Release|Any CPU.ActiveCfg = Release|Any CPU
		{85B84B44-99DE-4ABB-864A-D3C61121C7B1}.Release|Any CPU.Build.0 = Release|Any CPU
		{89B6D479-2EC2-40DF-8BE1-177B4AF9838D}.Debug|Any CPU.ActiveCfg = Debug|Any CPU
		{89B6D479-2EC2-40DF-8BE1-177B4AF9838D}.Debug|Any CPU.Build.0 = Debug|Any CPU
		{89B6D479-2EC2-40DF-8BE1-177B4AF9838D}.Release|Any CPU.ActiveCfg = Release|Any CPU
		{89B6D479-2EC2-40DF-8BE1-177B4AF9838D}.Release|Any CPU.Build.0 = Release|Any CPU
		{D79942A7-6B5F-41B8-AA43-70DADBF1FC60}.Debug|Any CPU.ActiveCfg = Debug|Any CPU
		{D79942A7-6B5F-41B8-AA43-70DADBF1FC60}.Debug|Any CPU.Build.0 = Debug|Any CPU
		{D79942A7-6B5F-41B8-AA43-70DADBF1FC60}.Release|Any CPU.ActiveCfg = Release|Any CPU
		{D79942A7-6B5F-41B8-AA43-70DADBF1FC60}.Release|Any CPU.Build.0 = Release|Any CPU
		{81DDED9D-158B-E303-5F62-77A2896D2A5A}.Debug|Any CPU.ActiveCfg = Debug|Any CPU
		{81DDED9D-158B-E303-5F62-77A2896D2A5A}.Debug|Any CPU.Build.0 = Debug|Any CPU
		{81DDED9D-158B-E303-5F62-77A2896D2A5A}.Release|Any CPU.ActiveCfg = Release|Any CPU
		{81DDED9D-158B-E303-5F62-77A2896D2A5A}.Release|Any CPU.Build.0 = Release|Any CPU
		{CBAFC0F9-5B69-AE5B-776E-B650E010DF04}.Debug|Any CPU.ActiveCfg = Debug|Any CPU
		{CBAFC0F9-5B69-AE5B-776E-B650E010DF04}.Debug|Any CPU.Build.0 = Debug|Any CPU
		{CBAFC0F9-5B69-AE5B-776E-B650E010DF04}.Release|Any CPU.ActiveCfg = Release|Any CPU
		{CBAFC0F9-5B69-AE5B-776E-B650E010DF04}.Release|Any CPU.Build.0 = Release|Any CPU
		{CABE541C-87E2-360E-50F3-49F4C18FF460}.Debug|Any CPU.ActiveCfg = Debug|Any CPU
		{CABE541C-87E2-360E-50F3-49F4C18FF460}.Debug|Any CPU.Build.0 = Debug|Any CPU
		{CABE541C-87E2-360E-50F3-49F4C18FF460}.Release|Any CPU.ActiveCfg = Release|Any CPU
		{CABE541C-87E2-360E-50F3-49F4C18FF460}.Release|Any CPU.Build.0 = Release|Any CPU
		{81F50366-3857-BE0C-95C2-1389F5F94218}.Debug|Any CPU.ActiveCfg = Debug|Any CPU
		{81F50366-3857-BE0C-95C2-1389F5F94218}.Debug|Any CPU.Build.0 = Debug|Any CPU
		{81F50366-3857-BE0C-95C2-1389F5F94218}.Release|Any CPU.ActiveCfg = Release|Any CPU
		{81F50366-3857-BE0C-95C2-1389F5F94218}.Release|Any CPU.Build.0 = Release|Any CPU
		{142A8382-4B27-B7FE-2364-87441E010FC0}.Debug|Any CPU.ActiveCfg = Debug|Any CPU
		{142A8382-4B27-B7FE-2364-87441E010FC0}.Debug|Any CPU.Build.0 = Debug|Any CPU
		{142A8382-4B27-B7FE-2364-87441E010FC0}.Release|Any CPU.ActiveCfg = Release|Any CPU
		{142A8382-4B27-B7FE-2364-87441E010FC0}.Release|Any CPU.Build.0 = Release|Any CPU
		{2F0F1A05-4E27-8EC6-DBE9-4C4B3055EDFC}.Debug|Any CPU.ActiveCfg = Debug|Any CPU
		{2F0F1A05-4E27-8EC6-DBE9-4C4B3055EDFC}.Debug|Any CPU.Build.0 = Debug|Any CPU
		{2F0F1A05-4E27-8EC6-DBE9-4C4B3055EDFC}.Release|Any CPU.ActiveCfg = Release|Any CPU
		{2F0F1A05-4E27-8EC6-DBE9-4C4B3055EDFC}.Release|Any CPU.Build.0 = Release|Any CPU
	EndGlobalSection
	GlobalSection(SolutionProperties) = preSolution
		HideSolutionNode = FALSE
	EndGlobalSection
	GlobalSection(NestedProjects) = preSolution
		{C3000B64-B444-46C9-AF54-0E13A328776C} = {02EA681E-C7D8-13C7-8484-4AC65E1B71E8}
		{85B84B44-99DE-4ABB-864A-D3C61121C7B1} = {02EA681E-C7D8-13C7-8484-4AC65E1B71E8}
		{89B6D479-2EC2-40DF-8BE1-177B4AF9838D} = {66512B6E-3065-4416-98BE-6AAE38603639}
		{D79942A7-6B5F-41B8-AA43-70DADBF1FC60} = {66512B6E-3065-4416-98BE-6AAE38603639}
		{CBAFC0F9-5B69-AE5B-776E-B650E010DF04} = {02EA681E-C7D8-13C7-8484-4AC65E1B71E8}
		{CABE541C-87E2-360E-50F3-49F4C18FF460} = {C3000B64-B444-46C9-AF54-0E13A328776C}
		{81F50366-3857-BE0C-95C2-1389F5F94218} = {C3000B64-B444-46C9-AF54-0E13A328776C}
		{142A8382-4B27-B7FE-2364-87441E010FC0} = {C3000B64-B444-46C9-AF54-0E13A328776C}
		{2F0F1A05-4E27-8EC6-DBE9-4C4B3055EDFC} = {C3000B64-B444-46C9-AF54-0E13A328776C}
	EndGlobalSection
	GlobalSection(ExtensibilityGlobals) = postSolution
		SolutionGuid = {97B7354D-8702-4963-9364-26533A862BE4}
	EndGlobalSection
EndGlobal
